{
  "name": "griffinhatcherywebgpu",
  "version": "1.0.0",
  "lockfileVersion": 2,
  "requires": true,
  "packages": {
    "": {
      "name": "griffinhatcherywebgpu",
      "version": "1.0.0",
      "license": "ISC",
      "dependencies": {
        "@types/w3c-image-capture": "^1.0.7",
        "@webgpu/types": "^0.1.24"
      },
      "devDependencies": {
        "typescript": "^4.9.4"
      }
    },
    "node_modules/@types/w3c-image-capture": {
      "version": "1.0.7",
      "resolved": "https://registry.npmjs.org/@types/w3c-image-capture/-/w3c-image-capture-1.0.7.tgz",
      "integrity": "sha512-BNmjJT+yjwVzB6N5kf1/m9YZMF//e3JAcII+TIuhRkALn7UD9xZX0R1azVGqqyYuQKbQ6UskC+zSQctnsk9zHg==",
      "dependencies": {
        "@types/webrtc": "*"
      }
    },
    "node_modules/@types/webrtc": {
      "version": "0.0.33",
      "resolved": "https://registry.npmjs.org/@types/webrtc/-/webrtc-0.0.33.tgz",
      "integrity": "sha512-xjN6BelzkY3lzXjIjXGqJVDS6XDleEsvp1bVIyNccXCcMoTH3wvUXFew4/qflwJdNqjmq98Zc5VcALV+XBKBvg=="
    },
    "node_modules/@webgpu/types": {
      "version": "0.1.27",
      "resolved": "https://registry.npmjs.org/@webgpu/types/-/types-0.1.27.tgz",
      "integrity": "sha512-9oZDgM+/vhyPDM3twL1KQSs0fLbXvbxrStWi/+tvXnas7pQuQNaNBpge8wNcEUtbLMoORQYDc6hPFCSQKqpNAw=="
    },
    "node_modules/typescript": {
      "version": "4.9.5",
      "resolved": "https://registry.npmjs.org/typescript/-/typescript-4.9.5.tgz",
      "integrity": "sha512-1FXk9E2Hm+QzZQ7z+McJiHL4NW1F2EzMu9Nq9i3zAaGqibafqYwCVU6WyWAuyQRRzOlxou8xZSyXLEN8oKj24g==",
      "dev": true,
      "bin": {
        "tsc": "bin/tsc",
        "tsserver": "bin/tsserver"
      },
      "engines": {
        "node": ">=4.2.0"
      }
    }
  },
  "dependencies": {
    "@types/w3c-image-capture": {
      "version": "1.0.7",
      "resolved": "https://registry.npmjs.org/@types/w3c-image-capture/-/w3c-image-capture-1.0.7.tgz",
      "integrity": "sha512-BNmjJT+yjwVzB6N5kf1/m9YZMF//e3JAcII+TIuhRkALn7UD9xZX0R1azVGqqyYuQKbQ6UskC+zSQctnsk9zHg==",
      "requires": {
        "@types/webrtc": "*"
      }
    },
    "@types/webrtc": {
      "version": "0.0.33",
      "resolved": "https://registry.npmjs.org/@types/webrtc/-/webrtc-0.0.33.tgz",
      "integrity": "sha512-xjN6BelzkY3lzXjIjXGqJVDS6XDleEsvp1bVIyNccXCcMoTH3wvUXFew4/qflwJdNqjmq98Zc5VcALV+XBKBvg=="
    },
    "@webgpu/types": {
      "version": "0.1.27",
      "resolved": "https://registry.npmjs.org/@webgpu/types/-/types-0.1.27.tgz",
      "integrity": "sha512-9oZDgM+/vhyPDM3twL1KQSs0fLbXvbxrStWi/+tvXnas7pQuQNaNBpge8wNcEUtbLMoORQYDc6hPFCSQKqpNAw=="
    },
    "typescript": {
      "version": "4.9.5",
      "resolved": "https://registry.npmjs.org/typescript/-/typescript-4.9.5.tgz",
      "integrity": "sha512-1FXk9E2Hm+QzZQ7z+McJiHL4NW1F2EzMu9Nq9i3zAaGqibafqYwCVU6WyWAuyQRRzOlxou8xZSyXLEN8oKj24g==",
      "dev": true
    }
  }
}